
Microsoft Visual Studio Solution File, Format Version 12.00
# Visual Studio Version 16
VisualStudioVersion = 16.0.31410.357
MinimumVisualStudioVersion = 10.0.40219.1
Project("{FAE04EC0-301F-11D3-BF4B-00C04F79EFBC}") = "Fixed point hover", "Fixed point hover\Fixed point hover.csproj", "{7EF49704-4CED-4B43-8B0F-001BB7C38B4F}"
EndProject
Global
	GlobalSection(SolutionConfigurationPlatforms) = preSolution
		Debug|Any CPU = Debug|Any CPU
		Release|Any CPU = Release|Any CPU
	EndGlobalSection
	GlobalSection(ProjectConfigurationPlatforms) = postSolution
		{7EF49704-4CED-4B43-8B0F-001BB7C38B4F}.Debug|Any CPU.ActiveCfg = Debug|Any CPU
		{7EF49704-4CED-4B43-8B0F-001BB7C38B4F}.Debug|Any CPU.Build.0 = Debug|Any CPU
		{7EF49704-4CED-4B43-8B0F-001BB7C38B4F}.Release|Any CPU.ActiveCfg = Release|Any CPU
		{7EF49704-4CED-4B43-8B0F-001BB7C38B4F}.Release|Any CPU.Build.0 = Release|Any CPU
	EndGlobalSection
	GlobalSection(SolutionProperties) = preSolution
		HideSolutionNode = FALSE
	EndGlobalSection
	GlobalSection(ExtensibilityGlobals) = postSolution
		SolutionGuid = {8851917C-3862-46D8-BC52-B21F404EEB9A}
	EndGlobalSection
EndGlobal
